
Microsoft Visual Studio Solution File, Format Version 12.00
# Visual Studio Version 16
VisualStudioVersion = 16.0.31313.79
MinimumVisualStudioVersion = 10.0.40219.1
Project("{8BC9CEB8-8B4A-11D0-8D11-00A0C91BC942}") = "Online Marketplace", "Online Marketplace\Online Marketplace.vcxproj", "{630F9F5E-8258-4821-96A1-C1EBF0DB2421}"
EndProject
Global
	GlobalSection(SolutionConfigurationPlatforms) = preSolution
		Debug|x64 = Debug|x64
		Debug|x86 = Debug|x86
		Release|x64 = Release|x64
		Release|x86 = Release|x86
	EndGlobalSection
	GlobalSection(ProjectConfigurationPlatforms) = postSolution
		{630F9F5E-8258-4821-96A1-C1EBF0DB2421}.Debug|x64.ActiveCfg = Debug|x64
		{630F9F5E-8258-4821-96A1-C1EBF0DB2421}.Debug|x64.Build.0 = Debug|x64
		{630F9F5E-8258-4821-96A1-C1EBF0DB2421}.Debug|x86.ActiveCfg = Debug|Win32
		{630F9F5E-8258-4821-96A1-C1EBF0DB2421}.Debug|x86.Build.0 = Debug|Win32
		{630F9F5E-8258-4821-96A1-C1EBF0DB2421}.Release|x64.ActiveCfg = Release|x64
		{630F9F5E-8258-4821-96A1-C1EBF0DB2421}.Release|x64.Build.0 = Release|x64
		{630F9F5E-8258-4821-96A1-C1EBF0DB2421}.Release|x86.ActiveCfg = Release|Win32
		{630F9F5E-8258-4821-96A1-C1EBF0DB2421}.Release|x86.Build.0 = Release|Win32
	EndGlobalSection
	GlobalSection(SolutionProperties) = preSolution
		HideSolutionNode = FALSE
	EndGlobalSection
	GlobalSection(ExtensibilityGlobals) = postSolution
		SolutionGuid = {82A76F74-A358-4BBC-8BF4-53E7C69CE365}
	EndGlobalSection
EndGlobal
